
Microsoft Visual Studio Solution File, Format Version 12.00
# Visual Studio Express 2012 for Windows Desktop
Project("{FAE04EC0-301F-11D3-BF4B-00C04F79EFBC}") = "CreateThread", "CreateThread\CreateThread.csproj", "{B57E8A8A-BB4C-47AA-A9C5-534A995CE8A5}"
EndProject
Project("{FAE04EC0-301F-11D3-BF4B-00C04F79EFBC}") = "ThreadPoolExample", "ThreadPoolExample\ThreadPoolExample.csproj", "{D5DA1695-5DED-437F-8C51-1ACE34C7AB17}"
EndProject
Project("{FAE04EC0-301F-11D3-BF4B-00C04F79EFBC}") = "ConsumerProducerNotSynchronized", "ConsumerProducer\ConsumerProducerNotSynchronized.csproj", "{4321FF18-2878-4E01-BD44-65A5C691B769}"
EndProject
Project("{FAE04EC0-301F-11D3-BF4B-00C04F79EFBC}") = "ConsumerProducerColorSync", "ConsumerProducerColorSync\ConsumerProducerColorSync.csproj", "{A159CCAD-EA34-4A02-AEED-23C4A526971D}"
EndProject
Project("{FAE04EC0-301F-11D3-BF4B-00C04F79EFBC}") = "ConsumerProducerSyncBySemaphore", "ConsumerProducerSyncBySemaphore\ConsumerProducerSyncBySemaphore.csproj", "{04EDB761-607E-4483-AD4E-AF7AF7AA76BD}"
EndProject
Global
	GlobalSection(SolutionConfigurationPlatforms) = preSolution
		Debug|Any CPU = Debug|Any CPU
		Release|Any CPU = Release|Any CPU
	EndGlobalSection
	GlobalSection(ProjectConfigurationPlatforms) = postSolution
		{B57E8A8A-BB4C-47AA-A9C5-534A995CE8A5}.Debug|Any CPU.ActiveCfg = Debug|Any CPU
		{B57E8A8A-BB4C-47AA-A9C5-534A995CE8A5}.Debug|Any CPU.Build.0 = Debug|Any CPU
		{B57E8A8A-BB4C-47AA-A9C5-534A995CE8A5}.Release|Any CPU.ActiveCfg = Release|Any CPU
		{B57E8A8A-BB4C-47AA-A9C5-534A995CE8A5}.Release|Any CPU.Build.0 = Release|Any CPU
		{D5DA1695-5DED-437F-8C51-1ACE34C7AB17}.Debug|Any CPU.ActiveCfg = Debug|Any CPU
		{D5DA1695-5DED-437F-8C51-1ACE34C7AB17}.Debug|Any CPU.Build.0 = Debug|Any CPU
		{D5DA1695-5DED-437F-8C51-1ACE34C7AB17}.Release|Any CPU.ActiveCfg = Release|Any CPU
		{D5DA1695-5DED-437F-8C51-1ACE34C7AB17}.Release|Any CPU.Build.0 = Release|Any CPU
		{4321FF18-2878-4E01-BD44-65A5C691B769}.Debug|Any CPU.ActiveCfg = Debug|Any CPU
		{4321FF18-2878-4E01-BD44-65A5C691B769}.Debug|Any CPU.Build.0 = Debug|Any CPU
		{4321FF18-2878-4E01-BD44-65A5C691B769}.Release|Any CPU.ActiveCfg = Release|Any CPU
		{4321FF18-2878-4E01-BD44-65A5C691B769}.Release|Any CPU.Build.0 = Release|Any CPU
		{A159CCAD-EA34-4A02-AEED-23C4A526971D}.Debug|Any CPU.ActiveCfg = Debug|Any CPU
		{A159CCAD-EA34-4A02-AEED-23C4A526971D}.Debug|Any CPU.Build.0 = Debug|Any CPU
		{A159CCAD-EA34-4A02-AEED-23C4A526971D}.Release|Any CPU.ActiveCfg = Release|Any CPU
		{A159CCAD-EA34-4A02-AEED-23C4A526971D}.Release|Any CPU.Build.0 = Release|Any CPU
		{04EDB761-607E-4483-AD4E-AF7AF7AA76BD}.Debug|Any CPU.ActiveCfg = Debug|Any CPU
		{04EDB761-607E-4483-AD4E-AF7AF7AA76BD}.Debug|Any CPU.Build.0 = Debug|Any CPU
		{04EDB761-607E-4483-AD4E-AF7AF7AA76BD}.Release|Any CPU.ActiveCfg = Release|Any CPU
		{04EDB761-607E-4483-AD4E-AF7AF7AA76BD}.Release|Any CPU.Build.0 = Release|Any CPU
	EndGlobalSection
	GlobalSection(SolutionProperties) = preSolution
		HideSolutionNode = FALSE
	EndGlobalSection
EndGlobal
